# This file is automatically @generated by Poetry 1.6.1 and should not be changed by hand.

[[package]]
name = "altgraph"
version = "0.17.4"
description = "Python graph (network) package"
optional = false
python-versions = "*"
files = [
    {file = "altgraph-0.17.4-py2.py3-none-any.whl", hash = "sha256:642743b4750de17e655e6711601b077bc6598dbfa3ba5fa2b2a35ce12b508dff"},
    {file = "altgraph-0.17.4.tar.gz", hash = "sha256:1b5afbb98f6c4dcadb2e2ae6ab9fa994bbb8c1d75f4fa96d340f9437ae454406"},
]

[[package]]
name = "click"
version = "8.1.7"
description = "Composable command line interface toolkit"
optional = false
python-versions = ">=3.7"
files = [
    {file = "click-8.1.7-py3-none-any.whl", hash = "sha256:ae74fb96c20a0277a1d615f1e4d73c8414f5a98db8b799a7931d1582f3390c28"},
    {file = "click-8.1.7.tar.gz", hash = "sha256:ca9853ad459e787e2192211578cc907e7594e294c7ccc834310722b41b9ca6de"},
]

[package.dependencies]
colorama = {version = "*", markers = "platform_system == \"Windows\""}

[[package]]
name = "click-default-group"
version = "1.2.4"
description = "click_default_group"
optional = false
python-versions = ">=2.7"
files = [
    {file = "click_default_group-1.2.4-py2.py3-none-any.whl", hash = "sha256:9b60486923720e7fc61731bdb32b617039aba820e22e1c88766b1125592eaa5f"},
    {file = "click_default_group-1.2.4.tar.gz", hash = "sha256:eb3f3c99ec0d456ca6cd2a7f08f7d4e91771bef51b01bdd9580cc6450fe1251e"},
]

[package.dependencies]
click = "*"

[package.extras]
test = ["pytest"]

[[package]]
name = "codetiming"
version = "1.4.0"
description = "A flexible, customizable timer for your Python code."
optional = false
python-versions = ">=3.6"
files = [
    {file = "codetiming-1.4.0-py3-none-any.whl", hash = "sha256:3b80f409bef00941a9755c5524071ce2f72eaa4520f4bc35b33869cde024ccbd"},
    {file = "codetiming-1.4.0.tar.gz", hash = "sha256:4937bf913a2814258b87eaaa43d9a1bb24711ffd3557a9ab6934fa1fe3ba0dbc"},
]

[package.extras]
dev = ["black", "bump2version", "flake8", "flit", "interrogate", "isort", "mypy"]
test = ["black", "interrogate", "pytest", "pytest-cov", "tox"]

[[package]]
name = "colorama"
version = "0.4.6"
description = "Cross-platform colored terminal text."
optional = false
python-versions = "!=3.0.*,!=3.1.*,!=3.2.*,!=3.3.*,!=3.4.*,!=3.5.*,!=3.6.*,>=2.7"
files = [
    {file = "colorama-0.4.6-py2.py3-none-any.whl", hash = "sha256:4f1d9991f5acc0ca119f9d443620b77f9d6b33703e51011c16baf57afb285fc6"},
    {file = "colorama-0.4.6.tar.gz", hash = "sha256:08695f5cb7ed6e0531a20572697297273c47b8cae5a63ffc6d6ed5c201be6e44"},
]

[[package]]
name = "fastcdc"
version = "1.5.0"
description = "FastCDC (content defined chunking) in pure Python."
optional = false
python-versions = ">=3.7.2,<4.0"
files = [
    {file = "fastcdc-1.5.0-cp310-cp310-macosx_11_0_x86_64.whl", hash = "sha256:64ae4d26602d58efd9e0a4c78aecdf6434e6cbc82acfd760afcd90b5521b23f9"},
    {file = "fastcdc-1.5.0-cp310-cp310-macosx_12_0_x86_64.whl", hash = "sha256:d56cb9dc71a2200d72ccfa30515efe31a97e3c1ba5b2123347007637c21faaa1"},
    {file = "fastcdc-1.5.0-cp310-cp310-manylinux_2_31_x86_64.whl", hash = "sha256:0f1ca4a87a06800843cdc6a2d1705195d29f21d39295e1e7a45f070031fabdcc"},
    {file = "fastcdc-1.5.0-cp310-cp310-win_amd64.whl", hash = "sha256:5003ae62a7265a246138568720e777f98e51b19a9331c74bcd571d38aed019be"},
    {file = "fastcdc-1.5.0-cp311-cp311-macosx_11_0_x86_64.whl", hash = "sha256:88774064b8138f0a42697c501f03b452d660595db8c400e04ea1bbe90099eec5"},
    {file = "fastcdc-1.5.0-cp311-cp311-macosx_12_0_x86_64.whl", hash = "sha256:ca9b3eebcd4c83ef58a3f8806cc040c2e900dc3fcc154338e9d3e31c3aa44774"},
    {file = "fastcdc-1.5.0-cp311-cp311-manylinux_2_31_x86_64.whl", hash = "sha256:d715d618cd10b32f866419680b707746a87d108598f8256b6e61efe5a0b4ca44"},
    {file = "fastcdc-1.5.0-cp311-cp311-win_amd64.whl", hash = "sha256:10555f559155bb96a2a90cc2712eb0c2244e56dde788b9c92a2757938d9914e2"},
    {file = "fastcdc-1.5.0-cp37-cp37m-macosx_11_0_x86_64.whl", hash = "sha256:8db8e758219b7f0d562a4ece531ccf9e51bf9679e7093160dff2f68edcba77c9"},
    {file = "fastcdc-1.5.0-cp37-cp37m-macosx_12_0_x86_64.whl", hash = "sha256:cf77d8e8531599ac346ec5e5f2ed650bb8819b3a7b4956d7a08c61157bab622d"},
    {file = "fastcdc-1.5.0-cp37-cp37m-manylinux_2_31_x86_64.whl", hash = "sha256:0747850a41de83ee4dff160434270356e182674abe4b4472164826e08a16f8bc"},
    {file = "fastcdc-1.5.0-cp37-cp37m-win_amd64.whl", hash = "sha256:7a09783ef6199519a8a93bc3cd2262ed6f43c923dd6f123fcdf768c1c092b2a6"},
    {file = "fastcdc-1.5.0-cp38-cp38-macosx_11_0_x86_64.whl", hash = "sha256:00dd670a23384ca0026a7f6a8f684c69a95be1f8b3a399359137e209bce377c1"},
    {file = "fastcdc-1.5.0-cp38-cp38-macosx_12_0_x86_64.whl", hash = "sha256:cf86f81e47932463a651b019ae2220098dd7506e89b8d5d1b3a6398228c80ec1"},
    {file = "fastcdc-1.5.0-cp38-cp38-manylinux_2_31_x86_64.whl", hash = "sha256:20c3124cf1088109315435e7ca01f221c6e75d637525e74c243850e8e463e982"},
    {file = "fastcdc-1.5.0-cp38-cp38-win_amd64.whl", hash = "sha256:ff04a5b0e6fbf96c061f40c19c82ebae32477b3ef5ccdfd9961230d86773a159"},
    {file = "fastcdc-1.5.0-cp39-cp39-macosx_11_0_x86_64.whl", hash = "sha256:9c98822e706117b9fdc7055d711b2df9b5dbdc111d10f2d1a58e279f646a4b75"},
    {file = "fastcdc-1.5.0-cp39-cp39-macosx_12_0_x86_64.whl", hash = "sha256:cf1d654a5210af08790c117ade97b43ecf58bb5c26b1ddb23befdd0a3ebf66c1"},
    {file = "fastcdc-1.5.0-cp39-cp39-manylinux_2_31_x86_64.whl", hash = "sha256:0aae6eda0a3d8ebc62cfadbafd43e96c2e5ee3ca92869981064b965da04cdc34"},
    {file = "fastcdc-1.5.0-cp39-cp39-win_amd64.whl", hash = "sha256:1f58e5da65f7f3af6ca061b39bf7997f0e8f569955094f410c101a059ca0181e"},
    {file = "fastcdc-1.5.0.tar.gz", hash = "sha256:111c44538c1b0c29f8a20292d370576607007a233e20ef266369b0f9edd7b3dd"},
]

[package.dependencies]
click = ">=8.1,<9.0"
click-default-group = ">=1.2,<2.0"
codetiming = ">=1.2,<2.0"
humanize = ">=4.0,<5.0"
py-cpuinfo = ">=9.0,<10.0"

[package.extras]
hashes = ["blake3 (>=0.3,<0.4)", "xxhash (>=3.0,<4.0)"]

[[package]]
name = "grpcio"
version = "1.59.0"
description = "HTTP/2-based RPC framework"
optional = false
python-versions = ">=3.7"
files = [
    {file = "grpcio-1.59.0-cp310-cp310-linux_armv7l.whl", hash = "sha256:225e5fa61c35eeaebb4e7491cd2d768cd8eb6ed00f2664fa83a58f29418b39fd"},
    {file = "grpcio-1.59.0-cp310-cp310-macosx_12_0_universal2.whl", hash = "sha256:b95ec8ecc4f703f5caaa8d96e93e40c7f589bad299a2617bdb8becbcce525539"},
    {file = "grpcio-1.59.0-cp310-cp310-manylinux_2_17_aarch64.whl", hash = "sha256:1a839ba86764cc48226f50b924216000c79779c563a301586a107bda9cbe9dcf"},
    {file = "grpcio-1.59.0-cp310-cp310-manylinux_2_17_i686.manylinux2014_i686.whl", hash = "sha256:f6cfe44a5d7c7d5f1017a7da1c8160304091ca5dc64a0f85bca0d63008c3137a"},
    {file = "grpcio-1.59.0-cp310-cp310-manylinux_2_17_x86_64.manylinux2014_x86_64.whl", hash = "sha256:d0fcf53df684fcc0154b1e61f6b4a8c4cf5f49d98a63511e3f30966feff39cd0"},
    {file = "grpcio-1.59.0-cp310-cp310-musllinux_1_1_i686.whl", hash = "sha256:fa66cac32861500f280bb60fe7d5b3e22d68c51e18e65367e38f8669b78cea3b"},
    {file = "grpcio-1.59.0-cp310-cp310-musllinux_1_1_x86_64.whl", hash = "sha256:8cd2d38c2d52f607d75a74143113174c36d8a416d9472415eab834f837580cf7"},
    {file = "grpcio-1.59.0-cp310-cp310-win32.whl", hash = "sha256:228b91ce454876d7eed74041aff24a8f04c0306b7250a2da99d35dd25e2a1211"},
    {file = "grpcio-1.59.0-cp310-cp310-win_amd64.whl", hash = "sha256:ca87ee6183421b7cea3544190061f6c1c3dfc959e0b57a5286b108511fd34ff4"},
    {file = "grpcio-1.59.0-cp311-cp311-linux_armv7l.whl", hash = "sha256:c173a87d622ea074ce79be33b952f0b424fa92182063c3bda8625c11d3585d09"},
    {file = "grpcio-1.59.0-cp311-cp311-macosx_10_10_universal2.whl", hash = "sha256:ec78aebb9b6771d6a1de7b6ca2f779a2f6113b9108d486e904bde323d51f5589"},
    {file = "grpcio-1.59.0-cp311-cp311-manylinux_2_17_aarch64.whl", hash = "sha256:0b84445fa94d59e6806c10266b977f92fa997db3585f125d6b751af02ff8b9fe"},
    {file = "grpcio-1.59.0-cp311-cp311-manylinux_2_17_i686.manylinux2014_i686.whl", hash = "sha256:c251d22de8f9f5cca9ee47e4bade7c5c853e6e40743f47f5cc02288ee7a87252"},
    {file = "grpcio-1.59.0-cp311-cp311-manylinux_2_17_x86_64.manylinux2014_x86_64.whl", hash = "sha256:956f0b7cb465a65de1bd90d5a7475b4dc55089b25042fe0f6c870707e9aabb1d"},
    {file = "grpcio-1.59.0-cp311-cp311-musllinux_1_1_i686.whl", hash = "sha256:38da5310ef84e16d638ad89550b5b9424df508fd5c7b968b90eb9629ca9be4b9"},
    {file = "grpcio-1.59.0-cp311-cp311-musllinux_1_1_x86_64.whl", hash = "sha256:63982150a7d598281fa1d7ffead6096e543ff8be189d3235dd2b5604f2c553e5"},
    {file = "grpcio-1.59.0-cp311-cp311-win32.whl", hash = "sha256:50eff97397e29eeee5df106ea1afce3ee134d567aa2c8e04fabab05c79d791a7"},
    {file = "grpcio-1.59.0-cp311-cp311-win_amd64.whl", hash = "sha256:15f03bd714f987d48ae57fe092cf81960ae36da4e520e729392a59a75cda4f29"},
    {file = "grpcio-1.59.0-cp312-cp312-linux_armv7l.whl", hash = "sha256:f1feb034321ae2f718172d86b8276c03599846dc7bb1792ae370af02718f91c5"},
    {file = "grpcio-1.59.0-cp312-cp312-macosx_10_10_universal2.whl", hash = "sha256:d09bd2a4e9f5a44d36bb8684f284835c14d30c22d8ec92ce796655af12163588"},
    {file = "grpcio-1.59.0-cp312-cp312-manylinux_2_17_aarch64.whl", hash = "sha256:2f120d27051e4c59db2f267b71b833796770d3ea36ca712befa8c5fff5da6ebd"},
    {file = "grpcio-1.59.0-cp312-cp312-manylinux_2_17_i686.manylinux2014_i686.whl", hash = "sha256:ba0ca727a173ee093f49ead932c051af463258b4b493b956a2c099696f38aa66"},
    {file = "grpcio-1.59.0-cp312-cp312-manylinux_2_17_x86_64.manylinux2014_x86_64.whl", hash = "sha256:5711c51e204dc52065f4a3327dca46e69636a0b76d3e98c2c28c4ccef9b04c52"},
    {file = "grpcio-1.59.0-cp312-cp312-musllinux_1_1_i686.whl", hash = "sha256:d74f7d2d7c242a6af9d4d069552ec3669965b74fed6b92946e0e13b4168374f9"},
    {file = "grpcio-1.59.0-cp312-cp312-musllinux_1_1_x86_64.whl", hash = "sha256:3859917de234a0a2a52132489c4425a73669de9c458b01c9a83687f1f31b5b10"},
    {file = "grpcio-1.59.0-cp312-cp312-win32.whl", hash = "sha256:de2599985b7c1b4ce7526e15c969d66b93687571aa008ca749d6235d056b7205"},
    {file = "grpcio-1.59.0-cp312-cp312-win_amd64.whl", hash = "sha256:598f3530231cf10ae03f4ab92d48c3be1fee0c52213a1d5958df1a90957e6a88"},
    {file = "grpcio-1.59.0-cp37-cp37m-linux_armv7l.whl", hash = "sha256:b34c7a4c31841a2ea27246a05eed8a80c319bfc0d3e644412ec9ce437105ff6c"},
    {file = "grpcio-1.59.0-cp37-cp37m-macosx_10_10_universal2.whl", hash = "sha256:c4dfdb49f4997dc664f30116af2d34751b91aa031f8c8ee251ce4dcfc11277b0"},
    {file = "grpcio-1.59.0-cp37-cp37m-manylinux_2_17_aarch64.whl", hash = "sha256:61bc72a00ecc2b79d9695220b4d02e8ba53b702b42411397e831c9b0589f08a3"},
    {file = "grpcio-1.59.0-cp37-cp37m-manylinux_2_17_i686.manylinux2014_i686.whl", hash = "sha256:f367e4b524cb319e50acbdea57bb63c3b717c5d561974ace0b065a648bb3bad3"},
    {file = "grpcio-1.59.0-cp37-cp37m-manylinux_2_17_x86_64.manylinux2014_x86_64.whl", hash = "sha256:849c47ef42424c86af069a9c5e691a765e304079755d5c29eff511263fad9c2a"},
    {file = "grpcio-1.59.0-cp37-cp37m-musllinux_1_1_i686.whl", hash = "sha256:c0488c2b0528e6072010182075615620071371701733c63ab5be49140ed8f7f0"},
    {file = "grpcio-1.59.0-cp37-cp37m-musllinux_1_1_x86_64.whl", hash = "sha256:611d9aa0017fa386809bddcb76653a5ab18c264faf4d9ff35cb904d44745f575"},
    {file = "grpcio-1.59.0-cp37-cp37m-win_amd64.whl", hash = "sha256:e5378785dce2b91eb2e5b857ec7602305a3b5cf78311767146464bfa365fc897"},
    {file = "grpcio-1.59.0-cp38-cp38-linux_armv7l.whl", hash = "sha256:fe976910de34d21057bcb53b2c5e667843588b48bf11339da2a75f5c4c5b4055"},
    {file = "grpcio-1.59.0-cp38-cp38-macosx_10_10_universal2.whl", hash = "sha256:c041a91712bf23b2a910f61e16565a05869e505dc5a5c025d429ca6de5de842c"},
    {file = "grpcio-1.59.0-cp38-cp38-manylinux_2_17_aarch64.whl", hash = "sha256:0ae444221b2c16d8211b55326f8ba173ba8f8c76349bfc1768198ba592b58f74"},
    {file = "grpcio-1.59.0-cp38-cp38-manylinux_2_17_i686.manylinux2014_i686.whl", hash = "sha256:ceb1e68135788c3fce2211de86a7597591f0b9a0d2bb80e8401fd1d915991bac"},
    {file = "grpcio-1.59.0-cp38-cp38-manylinux_2_17_x86_64.manylinux2014_x86_64.whl", hash = "sha256:6c4b1cc3a9dc1924d2eb26eec8792fedd4b3fcd10111e26c1d551f2e4eda79ce"},
    {file = "grpcio-1.59.0-cp38-cp38-musllinux_1_1_i686.whl", hash = "sha256:871371ce0c0055d3db2a86fdebd1e1d647cf21a8912acc30052660297a5a6901"},
    {file = "grpcio-1.59.0-cp38-cp38-musllinux_1_1_x86_64.whl", hash = "sha256:93e9cb546e610829e462147ce724a9cb108e61647a3454500438a6deef610be1"},
    {file = "grpcio-1.59.0-cp38-cp38-win32.whl", hash = "sha256:f21917aa50b40842b51aff2de6ebf9e2f6af3fe0971c31960ad6a3a2b24988f4"},
    {file = "grpcio-1.59.0-cp38-cp38-win_amd64.whl", hash = "sha256:14890da86a0c0e9dc1ea8e90101d7a3e0e7b1e71f4487fab36e2bfd2ecadd13c"},
    {file = "grpcio-1.59.0-cp39-cp39-linux_armv7l.whl", hash = "sha256:34341d9e81a4b669a5f5dca3b2a760b6798e95cdda2b173e65d29d0b16692857"},
    {file = "grpcio-1.59.0-cp39-cp39-macosx_10_10_universal2.whl", hash = "sha256:986de4aa75646e963466b386a8c5055c8b23a26a36a6c99052385d6fe8aaf180"},
    {file = "grpcio-1.59.0-cp39-cp39-manylinux_2_17_aarch64.whl", hash = "sha256:aca8a24fef80bef73f83eb8153f5f5a0134d9539b4c436a716256b311dda90a6"},
    {file = "grpcio-1.59.0-cp39-cp39-manylinux_2_17_i686.manylinux2014_i686.whl", hash = "sha256:936b2e04663660c600d5173bc2cc84e15adbad9c8f71946eb833b0afc205b996"},
    {file = "grpcio-1.59.0-cp39-cp39-manylinux_2_17_x86_64.manylinux2014_x86_64.whl", hash = "sha256:fc8bf2e7bc725e76c0c11e474634a08c8f24bcf7426c0c6d60c8f9c6e70e4d4a"},
    {file = "grpcio-1.59.0-cp39-cp39-musllinux_1_1_i686.whl", hash = "sha256:81d86a096ccd24a57fa5772a544c9e566218bc4de49e8c909882dae9d73392df"},
    {file = "grpcio-1.59.0-cp39-cp39-musllinux_1_1_x86_64.whl", hash = "sha256:2ea95cd6abbe20138b8df965b4a8674ec312aaef3147c0f46a0bac661f09e8d0"},
    {file = "grpcio-1.59.0-cp39-cp39-win32.whl", hash = "sha256:3b8ff795d35a93d1df6531f31c1502673d1cebeeba93d0f9bd74617381507e3f"},
    {file = "grpcio-1.59.0-cp39-cp39-win_amd64.whl", hash = "sha256:38823bd088c69f59966f594d087d3a929d1ef310506bee9e3648317660d65b81"},
    {file = "grpcio-1.59.0.tar.gz", hash = "sha256:acf70a63cf09dd494000007b798aff88a436e1c03b394995ce450be437b8e54f"},
]

[package.extras]
protobuf = ["grpcio-tools (>=1.59.0)"]

[[package]]
name = "grpcio-tools"
version = "1.59.0"
description = "Protobuf code generator for gRPC"
optional = false
python-versions = ">=3.7"
files = [
    {file = "grpcio-tools-1.59.0.tar.gz", hash = "sha256:aa4018f2d8662ac4d9830445d3d253a11b3e096e8afe20865547137aa1160e93"},
    {file = "grpcio_tools-1.59.0-cp310-cp310-linux_armv7l.whl", hash = "sha256:882b809b42b5464bee55288f4e60837297f9618e53e69ae3eea6d61b05ce48fa"},
    {file = "grpcio_tools-1.59.0-cp310-cp310-macosx_12_0_universal2.whl", hash = "sha256:4499d4bc5aa9c7b645018d8b0db4bebd663d427aabcd7bee7777046cb1bcbca7"},
    {file = "grpcio_tools-1.59.0-cp310-cp310-manylinux_2_17_aarch64.whl", hash = "sha256:f381ae3ad6a5eb27aad8d810438937d8228977067c54e0bd456fce7e11fdbf3d"},
    {file = "grpcio_tools-1.59.0-cp310-cp310-manylinux_2_17_i686.manylinux2014_i686.whl", hash = "sha256:f1c684c0d9226d04cadafced620a46ab38c346d0780eaac7448da96bf12066a3"},
    {file = "grpcio_tools-1.59.0-cp310-cp310-manylinux_2_17_x86_64.manylinux2014_x86_64.whl", hash = "sha256:40cbf712769242c2ba237745285ef789114d7fcfe8865fc4817d87f20015e99a"},
    {file = "grpcio_tools-1.59.0-cp310-cp310-musllinux_1_1_i686.whl", hash = "sha256:1df755951f204e65bf9232a9cac5afe7d6b8e4c87ac084d3ecd738fdc7aa4174"},
    {file = "grpcio_tools-1.59.0-cp310-cp310-musllinux_1_1_x86_64.whl", hash = "sha256:de156c18b0c638aaee3be6ad650c8ba7dec94ed4bac26403aec3dce95ffe9407"},
    {file = "grpcio_tools-1.59.0-cp310-cp310-win32.whl", hash = "sha256:9af7e138baa9b2895cf1f3eb718ac96fc5ae2f8e31fca405e21e0e5cd1643c52"},
    {file = "grpcio_tools-1.59.0-cp310-cp310-win_amd64.whl", hash = "sha256:f14a6e4f700dfd30ff8f0e6695f944affc16ae5a1e738666b3fae4e44b65637e"},
    {file = "grpcio_tools-1.59.0-cp311-cp311-linux_armv7l.whl", hash = "sha256:db030140d0da2368319e2f23655df3baec278c7e0078ecbe051eaf609a69382c"},
    {file = "grpcio_tools-1.59.0-cp311-cp311-macosx_10_10_universal2.whl", hash = "sha256:eeed386971bb8afc3ec45593df6a1154d680d87be1209ef8e782e44f85f47e64"},
    {file = "grpcio_tools-1.59.0-cp311-cp311-manylinux_2_17_aarch64.whl", hash = "sha256:962d1a3067129152cee3e172213486cb218a6bad703836991f46f216caefcf00"},
    {file = "grpcio_tools-1.59.0-cp311-cp311-manylinux_2_17_i686.manylinux2014_i686.whl", hash = "sha256:26eb2eebf150a33ebf088e67c1acf37eb2ac4133d9bfccbaa011ad2148c08b42"},
    {file = "grpcio_tools-1.59.0-cp311-cp311-manylinux_2_17_x86_64.manylinux2014_x86_64.whl", hash = "sha256:5b2d6da553980c590487f2e7fd3ec9c1ad8805ff2ec77977b92faa7e3ca14e1f"},
    {file = "grpcio_tools-1.59.0-cp311-cp311-musllinux_1_1_i686.whl", hash = "sha256:335e2f355a0c544a88854e2c053aff8a3f398b84a263a96fa19d063ca1fe513a"},
    {file = "grpcio_tools-1.59.0-cp311-cp311-musllinux_1_1_x86_64.whl", hash = "sha256:204e08f807b1d83f5f0efea30c4e680afe26a43dec8ba614a45fa698a7ef0a19"},
    {file = "grpcio_tools-1.59.0-cp311-cp311-win32.whl", hash = "sha256:05bf7b3ed01c8a562bb7e840f864c58acedbd6924eb616367c0bd0a760bdf483"},
    {file = "grpcio_tools-1.59.0-cp311-cp311-win_amd64.whl", hash = "sha256:df85096fcac7cea8aa5bd84b7a39c4cdbf556b93669bb4772eb96aacd3222a4e"},
    {file = "grpcio_tools-1.59.0-cp312-cp312-linux_armv7l.whl", hash = "sha256:240a7a3c2c54f77f1f66085a635bca72003d02f56a670e7db19aec531eda8f78"},
    {file = "grpcio_tools-1.59.0-cp312-cp312-macosx_10_10_universal2.whl", hash = "sha256:6119f62c462d119c63227b9534210f0f13506a888151b9bf586f71e7edf5088b"},
    {file = "grpcio_tools-1.59.0-cp312-cp312-manylinux_2_17_aarch64.whl", hash = "sha256:387662bee8e4c0b52cc0f61eaaca0ca583f5b227103f685b76083a3590a71a3e"},
    {file = "grpcio_tools-1.59.0-cp312-cp312-manylinux_2_17_i686.manylinux2014_i686.whl", hash = "sha256:8f0da5861ee276ca68493b217daef358960e8527cc63c7cb292ca1c9c54939af"},
    {file = "grpcio_tools-1.59.0-cp312-cp312-manylinux_2_17_x86_64.manylinux2014_x86_64.whl", hash = "sha256:d0f0806de1161c7f248e4c183633ee7a58dfe45c2b77ddf0136e2e7ad0650b1b"},
    {file = "grpcio_tools-1.59.0-cp312-cp312-musllinux_1_1_i686.whl", hash = "sha256:c683be38a9bf4024c223929b4cd2f0a0858c94e9dc8b36d7eaa5a48ce9323a6f"},
    {file = "grpcio_tools-1.59.0-cp312-cp312-musllinux_1_1_x86_64.whl", hash = "sha256:f965707da2b48a33128615bcfebedd215a3a30e346447e885bb3da37a143177a"},
    {file = "grpcio_tools-1.59.0-cp312-cp312-win32.whl", hash = "sha256:2ee960904dde12a7fa48e1591a5b3eeae054bdce57bacf9fd26685a98138f5bf"},
    {file = "grpcio_tools-1.59.0-cp312-cp312-win_amd64.whl", hash = "sha256:71cc6db1d66da3bc3730d9937bddc320f7b1f1dfdff6342bcb5741515fe4110b"},
    {file = "grpcio_tools-1.59.0-cp37-cp37m-linux_armv7l.whl", hash = "sha256:f6263b85261b62471cb97b7505df72d72b8b62e5e22d8184924871a6155b4dbf"},
    {file = "grpcio_tools-1.59.0-cp37-cp37m-macosx_10_10_universal2.whl", hash = "sha256:b8e95d921cc2a1521d4750eedefec9f16031457920a6677edebe9d1b2ad6ae60"},
    {file = "grpcio_tools-1.59.0-cp37-cp37m-manylinux_2_17_aarch64.whl", hash = "sha256:cb63055739808144b541986291679d643bae58755d0eb082157c4d4c04443905"},
    {file = "grpcio_tools-1.59.0-cp37-cp37m-manylinux_2_17_i686.manylinux2014_i686.whl", hash = "sha256:8c4634b3589efa156a8d5860c0a2547315bd5c9e52d14c960d716fe86e0927be"},
    {file = "grpcio_tools-1.59.0-cp37-cp37m-manylinux_2_17_x86_64.manylinux2014_x86_64.whl", hash = "sha256:2d970aa26854f535ffb94ea098aa8b43de020d9a14682e4a15dcdaeac7801b27"},
    {file = "grpcio_tools-1.59.0-cp37-cp37m-musllinux_1_1_i686.whl", hash = "sha256:821dba464d84ebbcffd9d420302404db2fa7a40c7ff4c4c4c93726f72bfa2769"},
    {file = "grpcio_tools-1.59.0-cp37-cp37m-musllinux_1_1_x86_64.whl", hash = "sha256:0548e901894399886ff4a4cd808cb850b60c021feb4a8977a0751f14dd7e55d9"},
    {file = "grpcio_tools-1.59.0-cp37-cp37m-win_amd64.whl", hash = "sha256:bb87158dbbb9e5a79effe78d54837599caa16df52d8d35366e06a91723b587ae"},
    {file = "grpcio_tools-1.59.0-cp38-cp38-linux_armv7l.whl", hash = "sha256:1d551ff42962c7c333c3da5c70d5e617a87dee581fa2e2c5ae2d5137c8886779"},
    {file = "grpcio_tools-1.59.0-cp38-cp38-macosx_10_10_universal2.whl", hash = "sha256:4ee443abcd241a5befb05629013fbf2eac637faa94aaa3056351aded8a31c1bc"},
    {file = "grpcio_tools-1.59.0-cp38-cp38-manylinux_2_17_aarch64.whl", hash = "sha256:520c0c83ea79d14b0679ba43e19c64ca31d30926b26ad2ca7db37cbd89c167e2"},
    {file = "grpcio_tools-1.59.0-cp38-cp38-manylinux_2_17_i686.manylinux2014_i686.whl", hash = "sha256:9fc02a6e517c34dcf885ff3b57260b646551083903e3d2c780b4971ce7d4ab7c"},
    {file = "grpcio_tools-1.59.0-cp38-cp38-manylinux_2_17_x86_64.manylinux2014_x86_64.whl", hash = "sha256:6aec8a4ed3808b7dfc1276fe51e3e24bec0eeaf610d395bcd42934647cf902a3"},
    {file = "grpcio_tools-1.59.0-cp38-cp38-musllinux_1_1_i686.whl", hash = "sha256:99b3bde646720bbfb77f263f5ba3e1a0de50632d43c38d405a0ef9c7e94373cd"},
    {file = "grpcio_tools-1.59.0-cp38-cp38-musllinux_1_1_x86_64.whl", hash = "sha256:51d9595629998d8b519126c5a610f15deb0327cd6325ed10796b47d1d292e70b"},
    {file = "grpcio_tools-1.59.0-cp38-cp38-win32.whl", hash = "sha256:bfa4b2b7d21c5634b62e5f03462243bd705adc1a21806b5356b8ce06d902e160"},
    {file = "grpcio_tools-1.59.0-cp38-cp38-win_amd64.whl", hash = "sha256:9ed05197c5ab071e91bcef28901e97ca168c4ae94510cb67a14cb4931b94255a"},
    {file = "grpcio_tools-1.59.0-cp39-cp39-linux_armv7l.whl", hash = "sha256:498e7be0b14385980efa681444ba481349c131fc5ec88003819f5d929646947c"},
    {file = "grpcio_tools-1.59.0-cp39-cp39-macosx_10_10_universal2.whl", hash = "sha256:b519f2ecde9a579cad2f4a7057d5bb4e040ad17caab8b5e691ed7a13b9db0be9"},
    {file = "grpcio_tools-1.59.0-cp39-cp39-manylinux_2_17_aarch64.whl", hash = "sha256:ef3e8aca2261f7f07436d4e2111556c1fb9bf1f9cfcdf35262743ccdee1b6ce9"},
    {file = "grpcio_tools-1.59.0-cp39-cp39-manylinux_2_17_i686.manylinux2014_i686.whl", hash = "sha256:27a7f226b741b2ebf7e2d0779d2c9b17f446d1b839d59886c1619e62cc2ae472"},
    {file = "grpcio_tools-1.59.0-cp39-cp39-manylinux_2_17_x86_64.manylinux2014_x86_64.whl", hash = "sha256:784aa52965916fec5afa1a28eeee6f0073bb43a2a1d7fedf963393898843077a"},
    {file = "grpcio_tools-1.59.0-cp39-cp39-musllinux_1_1_i686.whl", hash = "sha256:e312ddc2d8bec1a23306a661ad52734f984c9aad5d8f126ebb222a778d95407d"},
    {file = "grpcio_tools-1.59.0-cp39-cp39-musllinux_1_1_x86_64.whl", hash = "sha256:868892ad9e00651a38dace3e4924bae82fc4fd4df2c65d37b74381570ee8deb1"},
    {file = "grpcio_tools-1.59.0-cp39-cp39-win32.whl", hash = "sha256:a4f6cae381f21fee1ef0a5cbbbb146680164311157ae618edf3061742d844383"},
    {file = "grpcio_tools-1.59.0-cp39-cp39-win_amd64.whl", hash = "sha256:4a10e59cca462208b489478340b52a96d64e8b8b6f1ac097f3e8cb211d3f66c0"},
]

[package.dependencies]
grpcio = ">=1.59.0"
protobuf = ">=4.21.6,<5.0dev"
setuptools = "*"

[[package]]
name = "humanize"
version = "4.8.0"
description = "Python humanize utilities"
optional = false
python-versions = ">=3.8"
files = [
    {file = "humanize-4.8.0-py3-none-any.whl", hash = "sha256:8bc9e2bb9315e61ec06bf690151ae35aeb65651ab091266941edf97c90836404"},
    {file = "humanize-4.8.0.tar.gz", hash = "sha256:9783373bf1eec713a770ecaa7c2d7a7902c98398009dfa3d8a2df91eec9311e8"},
]

[package.extras]
tests = ["freezegun", "pytest", "pytest-cov"]

[[package]]
name = "importlib-metadata"
version = "6.8.0"
description = "Read metadata from Python packages"
optional = false
python-versions = ">=3.8"
files = [
    {file = "importlib_metadata-6.8.0-py3-none-any.whl", hash = "sha256:3ebb78df84a805d7698245025b975d9d67053cd94c79245ba4b3eb694abe68bb"},
    {file = "importlib_metadata-6.8.0.tar.gz", hash = "sha256:dbace7892d8c0c4ac1ad096662232f831d4e64f4c4545bd53016a3e9d4654743"},
]

[package.dependencies]
zipp = ">=0.5"

[package.extras]
docs = ["furo", "jaraco.packaging (>=9)", "jaraco.tidelift (>=1.4)", "rst.linker (>=1.9)", "sphinx (>=3.5)", "sphinx-lint"]
perf = ["ipython"]
testing = ["flufl.flake8", "importlib-resources (>=1.3)", "packaging", "pyfakefs", "pytest (>=6)", "pytest-black (>=0.3.7)", "pytest-checkdocs (>=2.4)", "pytest-cov", "pytest-enabler (>=2.2)", "pytest-mypy (>=0.9.1)", "pytest-perf (>=0.9.2)", "pytest-ruff"]

[[package]]
name = "macholib"
version = "1.16.3"
description = "Mach-O header analysis and editing"
optional = false
python-versions = "*"
files = [
    {file = "macholib-1.16.3-py2.py3-none-any.whl", hash = "sha256:0e315d7583d38b8c77e815b1ecbdbf504a8258d8b3e17b61165c6feb60d18f2c"},
    {file = "macholib-1.16.3.tar.gz", hash = "sha256:07ae9e15e8e4cd9a788013d81f5908b3609aa76f9b1421bae9c4d7606ec86a30"},
]

[package.dependencies]
altgraph = ">=0.17"

[[package]]
name = "packaging"
version = "23.2"
description = "Core utilities for Python packages"
optional = false
python-versions = ">=3.7"
files = [
    {file = "packaging-23.2-py3-none-any.whl", hash = "sha256:8c491190033a9af7e1d931d0b5dacc2ef47509b34dd0de67ed209b5203fc88c7"},
    {file = "packaging-23.2.tar.gz", hash = "sha256:048fb0e9405036518eaaf48a55953c750c11e1a1b68e0dd1a9d62ed0c092cfc5"},
]

[[package]]
name = "pefile"
version = "2023.2.7"
description = "Python PE parsing module"
optional = false
python-versions = ">=3.6.0"
files = [
    {file = "pefile-2023.2.7-py3-none-any.whl", hash = "sha256:da185cd2af68c08a6cd4481f7325ed600a88f6a813bad9dea07ab3ef73d8d8d6"},
    {file = "pefile-2023.2.7.tar.gz", hash = "sha256:82e6114004b3d6911c77c3953e3838654b04511b8b66e8583db70c65998017dc"},
]

[[package]]
name = "protobuf"
version = "4.24.3"
description = ""
optional = false
python-versions = ">=3.7"
files = [
    {file = "protobuf-4.24.3-cp310-abi3-win32.whl", hash = "sha256:20651f11b6adc70c0f29efbe8f4a94a74caf61b6200472a9aea6e19898f9fcf4"},
    {file = "protobuf-4.24.3-cp310-abi3-win_amd64.whl", hash = "sha256:3d42e9e4796a811478c783ef63dc85b5a104b44aaaca85d4864d5b886e4b05e3"},
    {file = "protobuf-4.24.3-cp37-abi3-macosx_10_9_universal2.whl", hash = "sha256:6e514e8af0045be2b56e56ae1bb14f43ce7ffa0f68b1c793670ccbe2c4fc7d2b"},
    {file = "protobuf-4.24.3-cp37-abi3-manylinux2014_aarch64.whl", hash = "sha256:ba53c2f04798a326774f0e53b9c759eaef4f6a568ea7072ec6629851c8435959"},
    {file = "protobuf-4.24.3-cp37-abi3-manylinux2014_x86_64.whl", hash = "sha256:f6ccbcf027761a2978c1406070c3788f6de4a4b2cc20800cc03d52df716ad675"},
    {file = "protobuf-4.24.3-cp37-cp37m-win32.whl", hash = "sha256:1b182c7181a2891e8f7f3a1b5242e4ec54d1f42582485a896e4de81aa17540c2"},
    {file = "protobuf-4.24.3-cp37-cp37m-win_amd64.whl", hash = "sha256:b0271a701e6782880d65a308ba42bc43874dabd1a0a0f41f72d2dac3b57f8e76"},
    {file = "protobuf-4.24.3-cp38-cp38-win32.whl", hash = "sha256:e29d79c913f17a60cf17c626f1041e5288e9885c8579832580209de8b75f2a52"},
    {file = "protobuf-4.24.3-cp38-cp38-win_amd64.whl", hash = "sha256:067f750169bc644da2e1ef18c785e85071b7c296f14ac53e0900e605da588719"},
    {file = "protobuf-4.24.3-cp39-cp39-win32.whl", hash = "sha256:2da777d34b4f4f7613cdf85c70eb9a90b1fbef9d36ae4a0ccfe014b0b07906f1"},
    {file = "protobuf-4.24.3-cp39-cp39-win_amd64.whl", hash = "sha256:f631bb982c5478e0c1c70eab383af74a84be66945ebf5dd6b06fc90079668d0b"},
    {file = "protobuf-4.24.3-py3-none-any.whl", hash = "sha256:f6f8dc65625dadaad0c8545319c2e2f0424fede988368893ca3844261342c11a"},
    {file = "protobuf-4.24.3.tar.gz", hash = "sha256:12e9ad2ec079b833176d2921be2cb24281fa591f0b119b208b788adc48c2561d"},
]

[[package]]
name = "py-cpuinfo"
version = "9.0.0"
description = "Get CPU info with pure Python"
optional = false
python-versions = "*"
files = [
    {file = "py-cpuinfo-9.0.0.tar.gz", hash = "sha256:3cdbbf3fac90dc6f118bfd64384f309edeadd902d7c8fb17f02ffa1fc3f49690"},
    {file = "py_cpuinfo-9.0.0-py3-none-any.whl", hash = "sha256:859625bc251f64e21f077d099d4162689c762b5d6a4c3c97553d56241c9674d5"},
]

[[package]]
name = "pyinstaller"
version = "6.1.0"
description = "PyInstaller bundles a Python application and all its dependencies into a single package."
optional = false
python-versions = "<3.13,>=3.8"
files = [
    {file = "pyinstaller-6.1.0-py3-none-macosx_10_13_universal2.whl", hash = "sha256:da78942d31c1911ea4abcd3ca3bd0c062af7f163a5e227fd18a359b61deda4ca"},
    {file = "pyinstaller-6.1.0-py3-none-manylinux2014_aarch64.whl", hash = "sha256:f63d2353537bac7bfeeaedbe5ac99f3be35daa290dd1ad1be90768acbf77e3d5"},
    {file = "pyinstaller-6.1.0-py3-none-manylinux2014_i686.whl", hash = "sha256:6e71d9f6f5a1e0f7523e8ebee1b76bb29538f64d863e3711c2b21033f499e2b9"},
    {file = "pyinstaller-6.1.0-py3-none-manylinux2014_ppc64le.whl", hash = "sha256:bebf6f442bbe6343acaec873803510ee1930d026846a018f727da4e0690081f8"},
    {file = "pyinstaller-6.1.0-py3-none-manylinux2014_s390x.whl", hash = "sha256:3c04963637481a3edf1eec64ab4c3fce098908f02fc472c11e73be7eedc08b95"},
    {file = "pyinstaller-6.1.0-py3-none-manylinux2014_x86_64.whl", hash = "sha256:4368e4eb9999ce32e3280330b3c26f175e0fa7fa13efb4d2dc4ade488ff6d7c2"},
    {file = "pyinstaller-6.1.0-py3-none-musllinux_1_1_aarch64.whl", hash = "sha256:041ab9311d08162356829bf47293a613c44dc9ace28846fb63098889c7383c5d"},
    {file = "pyinstaller-6.1.0-py3-none-musllinux_1_1_x86_64.whl", hash = "sha256:331f050e8f9e923bb6b50454acfc0547fd52092585c61eb5f2fc93de60703f13"},
    {file = "pyinstaller-6.1.0-py3-none-win32.whl", hash = "sha256:9e8b5bbc1bdf554ade1360e62e4959091430c3cc15ebfff3c28c8894fd1f312a"},
    {file = "pyinstaller-6.1.0-py3-none-win_amd64.whl", hash = "sha256:f9f5bcaef6122d93c54ee7a9ecb07eab5b81a7ebfb5cb99af2b2a6ff49eff62f"},
    {file = "pyinstaller-6.1.0-py3-none-win_arm64.whl", hash = "sha256:dd438afd2abb643f5399c0cb254a11c217c06782cb274a2911dd785f9f67fa9e"},
    {file = "pyinstaller-6.1.0.tar.gz", hash = "sha256:8f3d49c60f3344bf3d4a6d4258bda665dad185ab2b097341d3af2a6387c838ef"},
]

[package.dependencies]
altgraph = "*"
importlib-metadata = {version = ">=4.6", markers = "python_version < \"3.10\""}
macholib = {version = ">=1.8", markers = "sys_platform == \"darwin\""}
packaging = ">=20.0"
pefile = {version = ">=2022.5.30", markers = "sys_platform == \"win32\""}
pyinstaller-hooks-contrib = ">=2021.4"
pywin32-ctypes = {version = ">=0.2.1", markers = "sys_platform == \"win32\""}
setuptools = ">=42.0.0"

[package.extras]
hook-testing = ["execnet (>=1.5.0)", "psutil", "pytest (>=2.7.3)"]

[[package]]
name = "pyinstaller-hooks-contrib"
version = "2023.10"
description = "Community maintained hooks for PyInstaller"
optional = false
python-versions = ">=3.7"
files = [
    {file = "pyinstaller-hooks-contrib-2023.10.tar.gz", hash = "sha256:4b4a998036abb713774cb26534ca06b7e6e09e4c628196017a10deb11a48747f"},
    {file = "pyinstaller_hooks_contrib-2023.10-py2.py3-none-any.whl", hash = "sha256:6dc1786a8f452941245d5bb85893e2a33632ebdcbc4c23eea41f2ee08281b0c0"},
]

[[package]]
name = "pywin32-ctypes"
version = "0.2.2"
description = "A (partial) reimplementation of pywin32 using ctypes/cffi"
optional = false
python-versions = ">=3.6"
files = [
    {file = "pywin32-ctypes-0.2.2.tar.gz", hash = "sha256:3426e063bdd5fd4df74a14fa3cf80a0b42845a87e1d1e81f6549f9daec593a60"},
    {file = "pywin32_ctypes-0.2.2-py3-none-any.whl", hash = "sha256:bf490a1a709baf35d688fe0ecf980ed4de11d2b3e37b51e5442587a75d9957e7"},
]

[[package]]
name = "setuptools"
version = "68.2.2"
description = "Easily download, build, install, upgrade, and uninstall Python packages"
optional = false
python-versions = ">=3.8"
files = [
    {file = "setuptools-68.2.2-py3-none-any.whl", hash = "sha256:b454a35605876da60632df1a60f736524eb73cc47bbc9f3f1ef1b644de74fd2a"},
    {file = "setuptools-68.2.2.tar.gz", hash = "sha256:4ac1475276d2f1c48684874089fefcd83bd7162ddaafb81fac866ba0db282a87"},
]

[package.extras]
docs = ["furo", "jaraco.packaging (>=9.3)", "jaraco.tidelift (>=1.4)", "pygments-github-lexers (==0.0.5)", "rst.linker (>=1.9)", "sphinx (>=3.5)", "sphinx-favicon", "sphinx-hoverxref (<2)", "sphinx-inline-tabs", "sphinx-lint", "sphinx-notfound-page (>=1,<2)", "sphinx-reredirects", "sphinxcontrib-towncrier"]
testing = ["build[virtualenv]", "filelock (>=3.4.0)", "flake8-2020", "ini2toml[lite] (>=0.9)", "jaraco.develop (>=7.21)", "jaraco.envs (>=2.2)", "jaraco.path (>=3.2.0)", "pip (>=19.1)", "pytest (>=6)", "pytest-black (>=0.3.7)", "pytest-checkdocs (>=2.4)", "pytest-cov", "pytest-enabler (>=2.2)", "pytest-mypy (>=0.9.1)", "pytest-perf", "pytest-ruff", "pytest-timeout", "pytest-xdist", "tomli-w (>=1.0.0)", "virtualenv (>=13.0.0)", "wheel"]
testing-integration = ["build[virtualenv] (>=1.0.3)", "filelock (>=3.4.0)", "jaraco.envs (>=2.2)", "jaraco.path (>=3.2.0)", "packaging (>=23.1)", "pytest", "pytest-enabler", "pytest-xdist", "tomli", "virtualenv (>=13.0.0)", "wheel"]

[[package]]
name = "zipp"
version = "3.17.0"
description = "Backport of pathlib-compatible object wrapper for zip files"
optional = false
python-versions = ">=3.8"
files = [
    {file = "zipp-3.17.0-py3-none-any.whl", hash = "sha256:0e923e726174922dce09c53c59ad483ff7bbb8e572e00c7f7c46b88556409f31"},
    {file = "zipp-3.17.0.tar.gz", hash = "sha256:84e64a1c28cf7e91ed2078bb8cc8c259cb19b76942096c8d7b84947690cabaf0"},
]

[package.extras]
docs = ["furo", "jaraco.packaging (>=9.3)", "jaraco.tidelift (>=1.4)", "rst.linker (>=1.9)", "sphinx (<7.2.5)", "sphinx (>=3.5)", "sphinx-lint"]
testing = ["big-O", "jaraco.functools", "jaraco.itertools", "more-itertools", "pytest (>=6)", "pytest-black (>=0.3.7)", "pytest-checkdocs (>=2.4)", "pytest-cov", "pytest-enabler (>=2.2)", "pytest-ignore-flaky", "pytest-mypy (>=0.9.1)", "pytest-ruff"]

[[package]]
name = "zstd"
version = "1.5.5.1"
description = "ZSTD Bindings for Python"
optional = false
python-versions = "*"
files = [
    {file = "zstd-1.5.5.1-cp27-cp27m-macosx_10_14_x86_64.whl", hash = "sha256:555779789bc75cd05089c3ba857f45a0a8c4b87d45e5ced02fec77fa8719237a"},
    {file = "zstd-1.5.5.1-cp27-cp27m-manylinux1_i686.whl", hash = "sha256:86496bd4830cdb7b4b05a9ce6ce2baee87d327ff90845da4ee308452bfbbed4e"},
    {file = "zstd-1.5.5.1-cp27-cp27m-manylinux1_x86_64.whl", hash = "sha256:b487c2e67ed42a4e0d47997d209f4456b01b334023083ef61873f79577c84c62"},
    {file = "zstd-1.5.5.1-cp27-cp27mu-manylinux1_i686.whl", hash = "sha256:45ccd45a5b681088fca1a863ca9236ded5112b8011f1d5bf69e908f5eb32023a"},
    {file = "zstd-1.5.5.1-cp27-cp27mu-manylinux1_x86_64.whl", hash = "sha256:8403fe84207d8b0c7b17bca6c4caad431ac765b1b9b626ad9fae4bb93a64a9d8"},
    {file = "zstd-1.5.5.1-cp310-cp310-macosx_10_14_x86_64.whl", hash = "sha256:0ab979c6357b8927f0c025ea2f72f25e15d03ce17a8a6c1789e2d5b108bf39ae"},
    {file = "zstd-1.5.5.1-cp310-cp310-macosx_11_0_arm64.whl", hash = "sha256:98cbee6c1b2fe85f02fd475d885f98363c63bc64eebc249d7eb7469a0ff70283"},
    {file = "zstd-1.5.5.1-cp310-cp310-manylinux_2_17_aarch64.manylinux2014_aarch64.whl", hash = "sha256:9962714b89641301029f3832bdf07c20f60b9e64e39e8d7b6253451a82b54f5c"},
    {file = "zstd-1.5.5.1-cp310-cp310-manylinux_2_17_x86_64.manylinux2014_x86_64.whl", hash = "sha256:1f59cc92d71537f8082306f75aa403ddb4a4a1069a39f104525673110e4d23f7"},
    {file = "zstd-1.5.5.1-cp310-cp310-manylinux_2_5_i686.manylinux1_i686.manylinux_2_17_i686.manylinux2014_i686.whl", hash = "sha256:569f13d0c926ddafceebce8ac73baddfc2bd9cbbbbc922b6b3073338cc43dae6"},
    {file = "zstd-1.5.5.1-cp310-cp310-musllinux_1_1_aarch64.whl", hash = "sha256:ba530c44f252016acc6ef906d7d2070c1ad0cfe835c498fdcd37493e4772ac6e"},
    {file = "zstd-1.5.5.1-cp310-cp310-musllinux_1_1_i686.whl", hash = "sha256:8ee3496ed8fff3add6c6e658b207f18d96474c3db0c28ab7a69623380b1a0a8c"},
    {file = "zstd-1.5.5.1-cp310-cp310-musllinux_1_1_x86_64.whl", hash = "sha256:530d69bea2791cde8afa7fe988f3a37c3ba37015f6a1d5593c0500f089f3090e"},
    {file = "zstd-1.5.5.1-cp310-cp310-win32.whl", hash = "sha256:cf179e51f447b6a7ff47e449fcb98fb5fe15aedcc90401697cf7c93dd6e4434e"},
    {file = "zstd-1.5.5.1-cp310-cp310-win_amd64.whl", hash = "sha256:5f5e6e0805d710d7509c8d175a467eb89c631a4142b1a630ceeb8e3e3138d152"},
    {file = "zstd-1.5.5.1-cp311-cp311-macosx_10_14_x86_64.whl", hash = "sha256:022f935a8666e08f0fff6204938a84d9fe4fcd8235a205787275933a07a164fb"},
    {file = "zstd-1.5.5.1-cp311-cp311-macosx_11_0_arm64.whl", hash = "sha256:a3d15a2d18dac8bcafdde52fdf5d40ecae1f73b7de19b171f42339d2e51346d0"},
    {file = "zstd-1.5.5.1-cp311-cp311-manylinux_2_17_aarch64.manylinux2014_aarch64.whl", hash = "sha256:45b9c67989f50ba63ffa0c50c9eaa037c2d14abacb0813e838ad705135245b4b"},
    {file = "zstd-1.5.5.1-cp311-cp311-manylinux_2_17_x86_64.manylinux2014_x86_64.whl", hash = "sha256:97da6a842ba7e4acf8bba7c596057143ee39b3c4a467196c2096d460e44accd6"},
    {file = "zstd-1.5.5.1-cp311-cp311-manylinux_2_5_i686.manylinux1_i686.manylinux_2_17_i686.manylinux2014_i686.whl", hash = "sha256:2dafd492fb8ee4ae04c81ab00f5f137860e7071f611335dd4cdb1c38bd8f11bc"},
    {file = "zstd-1.5.5.1-cp311-cp311-musllinux_1_1_aarch64.whl", hash = "sha256:9ee83e0bcbfd776200b026b3b9e86c6c86b8f414749f58d87c85dcf456b27066"},
    {file = "zstd-1.5.5.1-cp311-cp311-musllinux_1_1_i686.whl", hash = "sha256:ae2fd4bc8ea772a7b5f1acd1cac9e34bb9cd8fcde191f170092fdeea779a3a12"},
    {file = "zstd-1.5.5.1-cp311-cp311-musllinux_1_1_x86_64.whl", hash = "sha256:edea52a0109f48fd46f4763689d3d356dcafd20ddf6789c559a1bd2e62b40a32"},
    {file = "zstd-1.5.5.1-cp311-cp311-win32.whl", hash = "sha256:88410481209520298ec4430e0d1d57e004c45e0b27c3035674fb182ccd2d8b7b"},
    {file = "zstd-1.5.5.1-cp311-cp311-win_amd64.whl", hash = "sha256:dce18aaefbacf8b133367be86beec670baf68c0420bfcca49be08dbdbf933db6"},
    {file = "zstd-1.5.5.1-cp35-cp35m-macosx_10_14_x86_64.whl", hash = "sha256:634dc632f7cf87e95dabf74dcf682e3507bd5cb9dd1bcdb81f92a6521aab0bd2"},
    {file = "zstd-1.5.5.1-cp35-cp35m-manylinux1_i686.whl", hash = "sha256:608414eb75ead573891d97a1e529848b8f31749d21a440e80838548a19d8c0e6"},
    {file = "zstd-1.5.5.1-cp35-cp35m-manylinux1_x86_64.whl", hash = "sha256:384128f7a731e3f45da49976591cec03fc4079e70653df10d9ea43a1d3b49d50"},
    {file = "zstd-1.5.5.1-cp35-cp35m-win32.whl", hash = "sha256:4bce254174ef05cea01021d67e18489d5d08db1168e758b62ecee121572a52a9"},
    {file = "zstd-1.5.5.1-cp35-cp35m-win_amd64.whl", hash = "sha256:3f0ff81232b49d7eb4f4d9e6f92443c9d242c139ad98ffedac0e889568f900ce"},
    {file = "zstd-1.5.5.1-cp36-cp36m-macosx_10_14_x86_64.whl", hash = "sha256:a871df41b801a260cc849c2c76f300ebb9d286c4b7a1fd6ce45fe0c91340b767"},
    {file = "zstd-1.5.5.1-cp36-cp36m-manylinux1_i686.whl", hash = "sha256:5a53860dbfbea281eb690ce09cae28967cf1df8e6d7560e4a8bf5b9fcb258147"},
    {file = "zstd-1.5.5.1-cp36-cp36m-manylinux1_x86_64.whl", hash = "sha256:a37cbc0580fdfd66c8b3ec65f9af00a4a34e9781b54dfb89f04d301dc375c90a"},
    {file = "zstd-1.5.5.1-cp36-cp36m-win32.whl", hash = "sha256:5531b683539ae1f7b2ad23dacee8a73e5d7eaa6702ea8df5a24bd3318647dee1"},
    {file = "zstd-1.5.5.1-cp36-cp36m-win_amd64.whl", hash = "sha256:eeaff418269b41eee8c7971fbba9d32d07d3f6aa26f962a72aff725071096a1b"},
    {file = "zstd-1.5.5.1-cp37-cp37m-macosx_10_14_x86_64.whl", hash = "sha256:8bd6a9050de8bbe844447348372ca17d01bc05207619f6a5d448567d111b5cd9"},
    {file = "zstd-1.5.5.1-cp37-cp37m-manylinux_2_17_aarch64.manylinux2014_aarch64.whl", hash = "sha256:e2ece3d20ef357370584f304407fbd1e4ff9c231209320e08a889b8e3725d56e"},
    {file = "zstd-1.5.5.1-cp37-cp37m-manylinux_2_17_x86_64.manylinux2014_x86_64.whl", hash = "sha256:687f9e03dc9f9b8803840425bb23bf6bc700888b4860afcf43c4f238102752d2"},
    {file = "zstd-1.5.5.1-cp37-cp37m-manylinux_2_5_i686.manylinux1_i686.manylinux_2_17_i686.manylinux2014_i686.whl", hash = "sha256:3a649daac9c8f1b37d29f2b3d0a43f134061659b54877fe4b0da6df2965dc91f"},
    {file = "zstd-1.5.5.1-cp37-cp37m-musllinux_1_1_aarch64.whl", hash = "sha256:bddc7e3c3ce31c01fe1edaa7c03c0b9e71eadf4ce1609746d32f86d95a0449e6"},
    {file = "zstd-1.5.5.1-cp37-cp37m-musllinux_1_1_i686.whl", hash = "sha256:12bf8e04add8bb84f9fe9117f3de6d9394eade6a5a82fe4d6bd95914fc6ef423"},
    {file = "zstd-1.5.5.1-cp37-cp37m-musllinux_1_1_x86_64.whl", hash = "sha256:9e6a15fa4d2e65c5902ab2a4e41279ac126cb371ce6c3c75ad5789bb20dd1f54"},
    {file = "zstd-1.5.5.1-cp37-cp37m-win32.whl", hash = "sha256:a1c269243a4321beb948635b544ccbe6390846358ace620fd000ab7099011d9c"},
    {file = "zstd-1.5.5.1-cp37-cp37m-win_amd64.whl", hash = "sha256:91366e36773241cb4b049a32f4495d33dd274df1eea5b55396f5f3984a3de22e"},
    {file = "zstd-1.5.5.1-cp38-cp38-macosx_10_14_x86_64.whl", hash = "sha256:d3ce2cb310690994274d133ea7f269dd4b81799fdbce158690556209723d7d4e"},
    {file = "zstd-1.5.5.1-cp38-cp38-macosx_11_0_arm64.whl", hash = "sha256:e0c87bfbfa9d852f79c90bcd7426c3ba46cf3285e6984013636d4fc854ba9230"},
    {file = "zstd-1.5.5.1-cp38-cp38-manylinux_2_17_aarch64.manylinux2014_aarch64.whl", hash = "sha256:a89ce6d829d515f272fddb3a87e1a5f32cc0f1a7b0cba24d360c89f4a165b74b"},
    {file = "zstd-1.5.5.1-cp38-cp38-manylinux_2_17_x86_64.manylinux2014_x86_64.whl", hash = "sha256:e05f81f346213b23ed1b12d84fc1f72e65eacd8978e1e88facf185c82bd3d053"},
    {file = "zstd-1.5.5.1-cp38-cp38-manylinux_2_5_i686.manylinux1_i686.manylinux_2_17_i686.manylinux2014_i686.whl", hash = "sha256:43ec66c4c3a76351c672c6ef9f0ff3412fca9ede0a56d18dddaf6418a93faef8"},
    {file = "zstd-1.5.5.1-cp38-cp38-musllinux_1_1_aarch64.whl", hash = "sha256:58e554e91e0d49f4f2b2df390cdd0f64aa9b6fd5f4dcb208c094bfd079b30f3a"},
    {file = "zstd-1.5.5.1-cp38-cp38-musllinux_1_1_i686.whl", hash = "sha256:883c6d3b6f5574e1765ca97f4b6a41b69094a41be56175552faebc0e0e43b65e"},
    {file = "zstd-1.5.5.1-cp38-cp38-musllinux_1_1_x86_64.whl", hash = "sha256:d52b6932cab5419c434bccfea3e5640e755369fc9eeb51e3d17e15bf8e8cb103"},
    {file = "zstd-1.5.5.1-cp38-cp38-win32.whl", hash = "sha256:dcaf44270ec88552e969be4dd3359b34aa3065663ccd8168a257c78f150a356c"},
    {file = "zstd-1.5.5.1-cp38-cp38-win_amd64.whl", hash = "sha256:627f12cb7035723c8f3d8d4cefcad6d950ed9cba33fd3eb46bae04ccab479234"},
    {file = "zstd-1.5.5.1-cp39-cp39-macosx_10_14_x86_64.whl", hash = "sha256:c0dab132c1a5a7cc838a7c3e4e380ad153b9d7bd1fadafabf6cfeb780b916201"},
    {file = "zstd-1.5.5.1-cp39-cp39-macosx_11_0_arm64.whl", hash = "sha256:d4ab0a5dd9a41d3b083304beee7ada40ee36431acbeb75132032f4fe5cf0490a"},
    {file = "zstd-1.5.5.1-cp39-cp39-manylinux_2_17_aarch64.manylinux2014_aarch64.whl", hash = "sha256:9f6e38f496d287020658c6b4cdb5e815ecc6998889bd0f1f9ab0825f2e3d74ef"},
    {file = "zstd-1.5.5.1-cp39-cp39-manylinux_2_17_x86_64.manylinux2014_x86_64.whl", hash = "sha256:e0096c8ee0ed4bfe406bc961019f55552109e19771bfd3eb32d2af56ea27085c"},
    {file = "zstd-1.5.5.1-cp39-cp39-manylinux_2_5_i686.manylinux1_i686.manylinux_2_17_i686.manylinux2014_i686.whl", hash = "sha256:1a0f1527728c50b6aa8f04b47a07580f0ae13cfc6c6d9c96bb0bdf5259487559"},
    {file = "zstd-1.5.5.1-cp39-cp39-musllinux_1_1_aarch64.whl", hash = "sha256:6a64e420c904063c5c3de53c00ec0993ebc0a48cebbef97dc6c768562c5abab5"},
    {file = "zstd-1.5.5.1-cp39-cp39-musllinux_1_1_i686.whl", hash = "sha256:03444e357b7632c64480a81ce7095242dab9d7f8aed317326563ef6c663263eb"},
    {file = "zstd-1.5.5.1-cp39-cp39-musllinux_1_1_x86_64.whl", hash = "sha256:88b9a10f80d2b87bf8cc1a1fc20a815ed92b5eefdc15cbe8062021f0b5a26a10"},
    {file = "zstd-1.5.5.1-cp39-cp39-win32.whl", hash = "sha256:c91cc1606eb8b3a6fed11faaef4c6e55f1133d70cf0db0c829a2cf9c2ac1dfd9"},
    {file = "zstd-1.5.5.1-cp39-cp39-win_amd64.whl", hash = "sha256:f462e2ebf26dcbfc2c8dddd6b5c56859683f0b77edb8f268e637f7d390a58f74"},
    {file = "zstd-1.5.5.1-pp27-pypy_73-macosx_10_14_x86_64.whl", hash = "sha256:c63f916732e3e309e49ec95e7a0af5d37ff1321f3df2aac10e507bd2b56fceda"},
    {file = "zstd-1.5.5.1-pp27-pypy_73-manylinux1_x86_64.whl", hash = "sha256:50d4850d758bb033df50722cc13ed913b2afcd5385250be4f3ffb79a26b319c3"},
    {file = "zstd-1.5.5.1-pp27-pypy_73-manylinux2010_x86_64.whl", hash = "sha256:0412d666515e78a91ada7e2d78e9dd6b25ddda1b41623b145b99653275c7f3ce"},
    {file = "zstd-1.5.5.1-pp36-pypy36_pp73-macosx_10_14_x86_64.whl", hash = "sha256:0ea91f74869a3cdcb2dde08f8f30ee3da72782c5d1737afed9c703232815864e"},
    {file = "zstd-1.5.5.1-pp36-pypy36_pp73-manylinux1_x86_64.whl", hash = "sha256:477548897dc2b8b595af7bec5f0f55dcba8e9a282335f687cc663b52b171357b"},
    {file = "zstd-1.5.5.1-pp36-pypy36_pp73-manylinux2010_x86_64.whl", hash = "sha256:c518938b57a56001ee04dcf79a432152f5bd431416f3b22819ba959bc6054d89"},
    {file = "zstd-1.5.5.1-pp36-pypy36_pp73-win32.whl", hash = "sha256:894a8fe0228d5e24dc286a8d98eb0ce2883f8e2e57f3b7e7619ebdb67967120a"},
    {file = "zstd-1.5.5.1-pp37-pypy37_pp73-macosx_10_14_x86_64.whl", hash = "sha256:42ec0a4ae9bedd9909fa4f580f3c800469da1b631faeaa94f204e1b66c767fa2"},
    {file = "zstd-1.5.5.1-pp37-pypy37_pp73-manylinux_2_17_aarch64.manylinux2014_aarch64.whl", hash = "sha256:d56dedaa04ab8ecc23492972b12e0bf8529f64c9bceb28c11f43c2369c9768b3"},
    {file = "zstd-1.5.5.1-pp37-pypy37_pp73-manylinux_2_17_x86_64.manylinux2014_x86_64.whl", hash = "sha256:d5b060770d796e4c01f5848b345c3cea8a177ab4e7cd95a1963a355042d429e1"},
    {file = "zstd-1.5.5.1-pp37-pypy37_pp73-manylinux_2_5_i686.manylinux1_i686.manylinux_2_17_i686.manylinux2014_i686.whl", hash = "sha256:fea04805ef6e1cb93d6e5d6bbc7a03bc75a5c733fd352d5aaa81109986fdf1ef"},
    {file = "zstd-1.5.5.1-pp37-pypy37_pp73-win_amd64.whl", hash = "sha256:405c28a35756e57a434bbd7ed29dc5e6490cd2fc2118cbf78b60eaebd134f5e9"},
    {file = "zstd-1.5.5.1-pp38-pypy38_pp73-macosx_10_14_x86_64.whl", hash = "sha256:c42e630443b01a891277426365a51a2aa630b059ce675992c70c1928d30eccb4"},
    {file = "zstd-1.5.5.1-pp38-pypy38_pp73-manylinux_2_17_aarch64.manylinux2014_aarch64.whl", hash = "sha256:1520d23f24f26cdfbcdb4dc86947446b8f694838bfce728d7fc4b3492397357c"},
    {file = "zstd-1.5.5.1-pp38-pypy38_pp73-manylinux_2_17_x86_64.manylinux2014_x86_64.whl", hash = "sha256:7f4730737f63cf802321743ded6acc85e747e7f5587c5ba2e51a760bf009f7de"},
    {file = "zstd-1.5.5.1-pp38-pypy38_pp73-manylinux_2_5_i686.manylinux1_i686.manylinux_2_17_i686.manylinux2014_i686.whl", hash = "sha256:e9f8c014395e89ad7f67ffe873c0fa1d8e9b4dea8b1801d24e8d9ccd8259858d"},
    {file = "zstd-1.5.5.1-pp38-pypy38_pp73-win_amd64.whl", hash = "sha256:5d9ba4f6af0945809bfa3387c6a1208a22937a876521b9ec347e7183d623311b"},
    {file = "zstd-1.5.5.1-pp39-pypy39_pp73-macosx_10_14_x86_64.whl", hash = "sha256:04dfd9f46b0b0b1bc413884fe028b726febcb726d4f66e3cf8afc00c2d9026bf"},
    {file = "zstd-1.5.5.1-pp39-pypy39_pp73-manylinux_2_17_aarch64.manylinux2014_aarch64.whl", hash = "sha256:af52436a2eb5caa925d95461973984cb34d472a963b6be1c0a9f2dfbafad096f"},
    {file = "zstd-1.5.5.1-pp39-pypy39_pp73-manylinux_2_17_x86_64.manylinux2014_x86_64.whl", hash = "sha256:610928b888a2e7ae9d2018ffa814859d47ec4ba75f89a1188ab4eb9232636ee5"},
    {file = "zstd-1.5.5.1-pp39-pypy39_pp73-manylinux_2_5_i686.manylinux1_i686.manylinux_2_17_i686.manylinux2014_i686.whl", hash = "sha256:ee3c9feea99c7f4ff43129a885da056b5aa0cde3f7876bf6397bfb9433f44352"},
    {file = "zstd-1.5.5.1-pp39-pypy39_pp73-win_amd64.whl", hash = "sha256:c6ac9768eeb3c6b530db93de2fec9b363776075dc8a00ee4049612ba5397ca8e"},
    {file = "zstd-1.5.5.1.tar.gz", hash = "sha256:1ef980abf0e1e072b028d2d76ef95b476632651c96225cf30b619c6eef625672"},
]

[metadata]
lock-version = "2.0"
python-versions = ">=3.9,<3.13"
content-hash = "5f3c3cd35ac772f188473fa3c222ce5be9f208bf679518d371ab75c519da3dbb"
